<?xml version="1.0" encoding="utf-8"?>
<Project ToolsVersion="4.0" xmlns="http://schemas.microsoft.com/developer/msbuild/2003">
  <ItemGroup>
    <Filter Include="Source Files">
      <UniqueIdentifier>{4FC737F1-C7A5-4376-A066-2A32D752A2FF}</UniqueIdentifier>
      <Extensions>cpp;c;cc;cxx;def;odl;idl;hpj;bat;asm;asmx</Extensions>
    </Filter>
    <Filter Include="Header Files">
      <UniqueIdentifier>{93995380-89BD-4b04-88EB-625FBE52EBFB}</UniqueIdentifier>
      <Extensions>h;hh;hpp;hxx;hm;inl;inc;xsd</Extensions>
    </Filter>
    <Filter Include="Resource Files">
      <UniqueIdentifier>{67DA6AB6-F800-4c08-8B7A-83BB121AAD01}</UniqueIdentifier>
      <Extensions>rc;ico;cur;bmp;dlg;rc2;rct;bin;rgs;gif;jpg;jpeg;jpe;resx;tiff;tif;png;wav;mfcribbon-ms</Extensions>
    </Filter>
  </ItemGroup>
  <ItemGroup>
    <ClCompile Include="Lab4.cpp">
      <Filter>Source Files</Filter>
    </ClCompile>
    <ClCompile Include="RentalStore.cpp">
      <Filter>Source Files</Filter>
    </ClCompile>
    <ClCompile Include="Movie.cpp">
      <Filter>Source Files</Filter>
    </ClCompile>
    <ClCompile Include="Comedy.cpp">
      <Filter>Source Files</Filter>
    </ClCompile>
    <ClCompile Include="Drama.cpp">
      <Filter>Source Files</Filter>
    </ClCompile>
    <ClCompile Include="Classic.cpp">
      <Filter>Source Files</Filter>
    </ClCompile>
    <ClCompile Include="Customer.cpp">
      <Filter>Source Files</Filter>
    </ClCompile>
    <ClCompile Include="Command.cpp">
      <Filter>Source Files</Filter>
    </ClCompile>
    <ClCompile Include="Inventory.cpp">
      <Filter>Source Files</Filter>
    </ClCompile>
    <ClCompile Include="History.cpp">
      <Filter>Source Files</Filter>
    </ClCompile>
    <ClCompile Include="Return.cpp">
      <Filter>Source Files</Filter>
    </ClCompile>
    <ClCompile Include="Borrow.cpp">
      <Filter>Source Files</Filter>
    </ClCompile>
    <ClCompile Include="ReturnClassic.cpp">
      <Filter>Source Files</Filter>
    </ClCompile>
    <ClCompile Include="ReturnDrama.cpp">
      <Filter>Source Files</Filter>
    </ClCompile>
    <ClCompile Include="ReturnComedy.cpp">
      <Filter>Source Files</Filter>
    </ClCompile>
    <ClCompile Include="BorrowComedy.cpp">
      <Filter>Source Files</Filter>
    </ClCompile>
    <ClCompile Include="BorrowDrama.cpp">
      <Filter>Source Files</Filter>
    </ClCompile>
    <ClCompile Include="BorrowClassic.cpp">
      <Filter>Source Files</Filter>
    </ClCompile>
  </ItemGroup>
  <ItemGroup>
    <ClInclude Include="RentalStore.h">
      <Filter>Header Files</Filter>
    </ClInclude>
    <ClInclude Include="Movie.h">
      <Filter>Header Files</Filter>
    </ClInclude>
    <ClInclude Include="Comedy.h">
      <Filter>Header Files</Filter>
    </ClInclude>
    <ClInclude Include="Drama.h">
      <Filter>Header Files</Filter>
    </ClInclude>
    <ClInclude Include="Classic.h">
      <Filter>Header Files</Filter>
    </ClInclude>
    <ClInclude Include="Customer.h">
      <Filter>Header Files</Filter>
    </ClInclude>
    <ClInclude Include="Command.h">
      <Filter>Header Files</Filter>
    </ClInclude>
    <ClInclude Include="Inventory.h">
      <Filter>Header Files</Filter>
    </ClInclude>
    <ClInclude Include="History.h">
      <Filter>Header Files</Filter>
    </ClInclude>
    <ClInclude Include="Return.h">
      <Filter>Header Files</Filter>
    </ClInclude>
    <ClInclude Include="Borrow.h">
      <Filter>Header Files</Filter>
    </ClInclude>
    <ClInclude Include="hash.h">
      <Filter>Header Files</Filter>
    </ClInclude>
    <ClInclude Include="ReturnClassic.h">
      <Filter>Header Files</Filter>
    </ClInclude>
    <ClInclude Include="ReturnDrama.h">
      <Filter>Header Files</Filter>
    </ClInclude>
    <ClInclude Include="ReturnComedy.h">
      <Filter>Header Files</Filter>
    </ClInclude>
    <ClInclude Include="BorrowComedy.h">
      <Filter>Header Files</Filter>
    </ClInclude>
    <ClInclude Include="BorrowDrama.h">
      <Filter>Header Files</Filter>
    </ClInclude>
    <ClInclude Include="BorrowClassic.h">
      <Filter>Header Files</Filter>
    </ClInclude>
  </ItemGroup>
  <ItemGroup>
    <Text Include="data4movies.txt">
      <Filter>Resource Files</Filter>
    </Text>
    <Text Include="data4customers.txt">
      <Filter>Resource Files</Filter>
    </Text>
    <Text Include="data4commands.txt">
      <Filter>Resource Files</Filter>
    </Text>
  </ItemGroup>
  <ItemGroup>
    <None Include="ClassDiagram.cd" />
  </ItemGroup>
</Project>